<Solution>
  <Folder Name="/Task0/">
    <Project Path="Tyuiu.RomashkinaPB.Sprint2.Task0.V14.Lib/Tyuiu.RomashkinaPB.Sprint2.Task0.V14.Lib.csproj" />
    <Project Path="Tyuiu.RomashkinaPB.Sprint2.Task0.V14.Test/Tyuiu.RomashkinaPB.Sprint2.Task0.V14.Test.csproj" />
    <Project Path="Tyuiu.RomashkinaPB.Sprint2.Task0.V14/Tyuiu.RomashkinaPB.Sprint2.Task0.V14.csproj" />
  </Folder>
  <Folder Name="/Task1/">
    <Project Path="Tyuiu.RomashkinaPB.Sprint2.Task1.V4.Lib/Tyuiu.RomashkinaPB.Sprint2.Task1.V4.Lib.csproj" Id="089f0976-e2fb-4255-b955-0abe4f32a49e" />
    <Project Path="Tyuiu.RomashkinaPB.Sprint2.Task1.V4.Test/Tyuiu.RomashkinaPB.Sprint2.Task1.V4.Test.csproj" Id="5642765e-a0fd-49e7-b88e-83bc79de3dbb" />
    <Project Path="Tyuiu.RomashkinaPB.Sprint2.Task1.V4/Tyuiu.RomashkinaPB.Sprint2.Task1.V4.csproj" Id="e325981c-3a90-41ef-8ad3-322ee4b1b6c3" />
  </Folder>
  <Folder Name="/Task2/">
    <Project Path="Tyuiu.RomashkinaPB.Sprint2.Task2.V2.Lib/Tyuiu.RomashkinaPB.Sprint2.Task2.V2.Lib.csproj" Id="cece83d6-e910-4309-b0f4-b7870694f337" />
    <Project Path="Tyuiu.RomashkinaPB.Sprint2.Task2.V2.Test/Tyuiu.RomashkinaPB.Sprint2.Task2.V2.Test.csproj" Id="6c00eeb9-aaac-43f9-8412-14b3c53a0a9b" />
    <Project Path="Tyuiu.RomashkinaPB.Sprint2.Task2.V2/Tyuiu.RomashkinaPB.Sprint2.Task2.V2.csproj" Id="f87bf8ff-14ac-4e61-9789-5887f7c50af3" />
  </Folder>
  <Folder Name="/Task3/">
    <Project Path="Tyuiu.RomashkinaPB.Sprint2.Task3.V26.Lib/Tyuiu.RomashkinaPB.Sprint2.Task3.V26.Lib.csproj" Id="f2a239f7-8415-4547-9147-36ec423e053f" />
    <Project Path="Tyuiu.RomashkinaPB.Sprint2.Task3.V26.Test/Tyuiu.RomashkinaPB.Sprint2.Task3.V26.Test.csproj" Id="9800d1ff-9d9f-4179-aa41-ac7aa97ff110" />
    <Project Path="Tyuiu.RomashkinaPB.Sprint2.Task3.V26/Tyuiu.RomashkinaPB.Sprint2.Task3.V26.csproj" Id="d85d82ce-d9cf-4d48-ae29-552f3827c348" />
  </Folder>
</Solution>
